<?xml version="1.0" encoding="utf-8"?>
<Project ToolsVersion="4.0" xmlns="http://schemas.microsoft.com/developer/msbuild/2003">
  <ItemGroup>
    <ClCompile Include="SourceFiles\DllEntry.cpp">
      <Filter>Source Files</Filter>
    </ClCompile>
    <ClCompile Include="SourceFiles\MimeTypes.cpp">
      <Filter>Source Files</Filter>
    </ClCompile>
    <ClCompile Include="SourceFiles\HSglTFExpoter.cpp">
      <Filter>Source Files</Filter>
    </ClCompile>
    <ClCompile Include="SourceFiles\Camera_Light.cpp">
      <Filter>Source Files</Filter>
    </ClCompile>
    <ClCompile Include="SourceFiles\Animation.cpp">
      <Filter>Source Files</Filter>
    </ClCompile>
    <ClCompile Include="SourceFiles\ImageBuffer.cpp">
      <Filter>Source Files</Filter>
    </ClCompile>
    <ClCompile Include="SourceFiles\Materials.cpp">
      <Filter>Source Files</Filter>
    </ClCompile>
    <ClCompile Include="SourceFiles\Skin.cpp">
      <Filter>Source Files</Filter>
    </ClCompile>
    <ClCompile Include="SourceFiles\ScanlineMaterial.cpp">
      <Filter>Source Files\Materials</Filter>
    </ClCompile>
    <ClCompile Include="SourceFiles\PBRMaterial.cpp">
      <Filter>Source Files\Materials</Filter>
    </ClCompile>
    <ClCompile Include="SourceFiles\glTFMaterial.cpp">
      <Filter>Source Files\Materials</Filter>
    </ClCompile>
    <ClCompile Include="SourceFiles\PhysicalMaterial.cpp">
      <Filter>Source Files\Materials</Filter>
    </ClCompile>
    <ClCompile Include="SourceFiles\ArnoldMaterial.cpp">
      <Filter>Source Files\Materials</Filter>
    </ClCompile>
    <ClCompile Include="SourceFiles\VRayMaterial.cpp">
      <Filter>Source Files\Materials</Filter>
    </ClCompile>
    <ClCompile Include="SourceFiles\CoronaMaterial.cpp">
      <Filter>Source Files\Materials</Filter>
    </ClCompile>
    <ClCompile Include="SourceFiles\SceneExtension.cpp">
      <Filter>Source Files</Filter>
    </ClCompile>
    <ClCompile Include="SourceFiles\DracoEncode.cpp">
      <Filter>Source Files</Filter>
    </ClCompile>
    <ClCompile Include="SourceFiles\USDMaterial.cpp">
      <Filter>Source Files\Materials</Filter>
    </ClCompile>
    <ClCompile Include="SourceFiles\Morph.cpp">
      <Filter>Source Files</Filter>
    </ClCompile>
    <ClCompile Include="SourceFiles\CustomAttribute.cpp">
      <Filter>Source Files</Filter>
    </ClCompile>
    <ClCompile Include="SourceFiles\Shape.cpp">
      <Filter>Source Files</Filter>
    </ClCompile>
    <ClCompile Include="SourceFiles\Node.cpp">
      <Filter>Source Files</Filter>
    </ClCompile>
    <ClCompile Include="SourceFiles\PBRSpecGlossMaterial.cpp">
      <Filter>Source Files\Materials</Filter>
    </ClCompile>
    <ClCompile Include="SourceFiles\KHR_animation_pointer.cpp">
      <Filter>Source Files</Filter>
    </ClCompile>
    <ClCompile Include="SourceFiles\MergeBitmap.cpp">
      <Filter>Source Files</Filter>
    </ClCompile>
    <ClCompile Include="SourceFiles\EXT_mesh_gpu_instancing.cpp">
      <Filter>Source Files</Filter>
    </ClCompile>
    <ClCompile Include="SourceFiles\WebpEncoder.cpp">
      <Filter>Source Files</Filter>
    </ClCompile>
    <ClCompile Include="SourceFiles\KHR_interactivity.cpp">
      <Filter>Source Files</Filter>
    </ClCompile>
    <ClCompile Include="SourceFiles\KHR_collision_shapes.cpp">
      <Filter>Source Files</Filter>
    </ClCompile>
    <ClCompile Include="SourceFiles\Node2.cpp">
      <Filter>Source Files</Filter>
    </ClCompile>
    <ClCompile Include="SourceFiles\OpenPBRMaterial.cpp">
      <Filter>Source Files\Materials</Filter>
    </ClCompile>
    <ClCompile Include="SourceFiles\PostProcess.cpp">
      <Filter>Source Files</Filter>
    </ClCompile>
    <ClCompile Include="SourceFiles\gltfx_reference.cpp">
      <Filter>Source Files</Filter>
    </ClCompile>
    <ClCompile Include="SourceFiles\KTX2_Encoder.cpp">
      <Filter>Source Files</Filter>
    </ClCompile>
  </ItemGroup>
  <ItemGroup>
    <Filter Include="Source Files">
      <UniqueIdentifier>{125a9ba5-e889-4a20-847a-d2caac4c33a0}</UniqueIdentifier>
    </Filter>
    <Filter Include="Header Files">
      <UniqueIdentifier>{f6450a97-a7f5-41c3-a024-53a571a8fd72}</UniqueIdentifier>
    </Filter>
    <Filter Include="Source Files\Materials">
      <UniqueIdentifier>{06ccc32a-5689-4605-bb0e-bff0ee95d7a7}</UniqueIdentifier>
    </Filter>
    <Filter Include="Resource">
      <UniqueIdentifier>{06f58e01-ca17-48bd-b79f-ef29dbd4f9db}</UniqueIdentifier>
    </Filter>
  </ItemGroup>
  <ItemGroup>
    <ClInclude Include="resource.h">
      <Filter>Header Files</Filter>
    </ClInclude>
    <ClInclude Include="Include\define.h">
      <Filter>Header Files</Filter>
    </ClInclude>
    <ClInclude Include="Include\HSglTFExporter.h">
      <Filter>Header Files</Filter>
    </ClInclude>
  </ItemGroup>
  <ItemGroup>
    <None Include="HSglTFExporter.def">
      <Filter>Source Files</Filter>
    </None>
  </ItemGroup>
  <ItemGroup>
    <ResourceCompile Include="Resource\HSglTFExporter.rc">
      <Filter>Resource</Filter>
    </ResourceCompile>
  </ItemGroup>
</Project>