<?xml version="1.0" encoding="utf-8"?>
<Project ToolsVersion="4.0" xmlns="http://schemas.microsoft.com/developer/msbuild/2003">
  <ItemGroup>
    <ClCompile Include="SourceFiles\Animation.cpp">
      <Filter>Source Files</Filter>
    </ClCompile>
    <ClCompile Include="SourceFiles\Camera.cpp">
      <Filter>Source Files</Filter>
    </ClCompile>
    <ClCompile Include="SourceFiles\CustomAttribute.cpp">
      <Filter>Source Files</Filter>
    </ClCompile>
    <ClCompile Include="SourceFiles\HSglTFTool.cpp">
      <Filter>Source Files</Filter>
    </ClCompile>
    <ClCompile Include="SourceFiles\KHR_animation_pointer.cpp">
      <Filter>Source Files</Filter>
    </ClCompile>
    <ClCompile Include="SourceFiles\KHR_collision_shapes.cpp">
      <Filter>Source Files</Filter>
    </ClCompile>
    <ClCompile Include="SourceFiles\KTX2Reader.cpp">
      <Filter>Source Files</Filter>
    </ClCompile>
    <ClCompile Include="SourceFiles\Materials.cpp">
      <Filter>Source Files</Filter>
    </ClCompile>
    <ClCompile Include="SourceFiles\MimeTypes.cpp">
      <Filter>Source Files</Filter>
    </ClCompile>
    <ClCompile Include="SourceFiles\Morph.cpp">
      <Filter>Source Files</Filter>
    </ClCompile>
    <ClCompile Include="SourceFiles\Node.cpp">
      <Filter>Source Files</Filter>
    </ClCompile>
    <ClCompile Include="SourceFiles\OSLmanager.cpp">
      <Filter>Source Files</Filter>
    </ClCompile>
    <ClCompile Include="SourceFiles\ProgressDialog.cpp">
      <Filter>Source Files</Filter>
    </ClCompile>
    <ClCompile Include="SourceFiles\HSglTFImporter.cpp">
      <Filter>Source Files</Filter>
    </ClCompile>
    <ClCompile Include="SourceFiles\DllEntry.cpp">
      <Filter>Source Files</Filter>
    </ClCompile>
    <ClCompile Include="SourceFiles\DracoDecode.cpp">
      <Filter>Source Files</Filter>
    </ClCompile>
    <ClCompile Include="SourceFiles\SceneProperty.cpp">
      <Filter>Source Files</Filter>
    </ClCompile>
    <ClCompile Include="SourceFiles\Skin.cpp">
      <Filter>Source Files</Filter>
    </ClCompile>
    <ClCompile Include="SourceFiles\WebpDecoder.cpp">
      <Filter>Source Files</Filter>
    </ClCompile>
    <ClCompile Include="SourceFiles\ArnoldMaterial.cpp">
      <Filter>Source Files\Materials</Filter>
    </ClCompile>
    <ClCompile Include="SourceFiles\PBRSpecGlossMaterial.cpp">
      <Filter>Source Files\Materials</Filter>
    </ClCompile>
    <ClCompile Include="SourceFiles\PhysicalMaterial.cpp">
      <Filter>Source Files\Materials</Filter>
    </ClCompile>
    <ClCompile Include="SourceFiles\VRayMaterial.cpp">
      <Filter>Source Files\Materials</Filter>
    </ClCompile>
    <ClCompile Include="SourceFiles\USDMaterial.cpp">
      <Filter>Source Files\Materials</Filter>
    </ClCompile>
    <ClCompile Include="SourceFiles\ScanlineMaterial.cpp">
      <Filter>Source Files\Materials</Filter>
    </ClCompile>
    <ClCompile Include="SourceFiles\PBRMetalMaterial.cpp">
      <Filter>Source Files\Materials</Filter>
    </ClCompile>
    <ClCompile Include="SourceFiles\glTFMaterial.cpp">
      <Filter>Source Files\Materials</Filter>
    </ClCompile>
    <ClCompile Include="SourceFiles\OpenPBRMaterial.cpp">
      <Filter>Source Files\Materials</Filter>
    </ClCompile>
    <ClCompile Include="SourceFiles\gltfx_reference.cpp">
      <Filter>Source Files</Filter>
    </ClCompile>
    <ClCompile Include="SourceFiles\CoronaMaterial.cpp">
      <Filter>Source Files\Materials</Filter>
    </ClCompile>
  </ItemGroup>
  <ItemGroup>
    <ClInclude Include="resource.h">
      <Filter>Header</Filter>
    </ClInclude>
    <ClInclude Include="Include\HSglTFImporter.h">
      <Filter>Header</Filter>
    </ClInclude>
    <ClInclude Include="Include\define.h">
      <Filter>Header</Filter>
    </ClInclude>
  </ItemGroup>
  <ItemGroup>
    <Filter Include="Source Files">
      <UniqueIdentifier>{b364d63d-92f3-493b-a8ad-1ee171f423bb}</UniqueIdentifier>
    </Filter>
    <Filter Include="Header">
      <UniqueIdentifier>{334efad3-6f63-415a-8ac7-cd96244eb4da}</UniqueIdentifier>
    </Filter>
    <Filter Include="Source Files\Materials">
      <UniqueIdentifier>{3b8185d6-4c1d-43cc-a29b-57a5f8b79041}</UniqueIdentifier>
    </Filter>
    <Filter Include="Resource">
      <UniqueIdentifier>{c698ff71-100a-47e1-a832-edbacbbab2b8}</UniqueIdentifier>
    </Filter>
  </ItemGroup>
  <ItemGroup>
    <None Include="HSglTFImporter.def">
      <Filter>Source Files</Filter>
    </None>
  </ItemGroup>
  <ItemGroup>
    <ResourceCompile Include="Resource\HSglTFImporter.rc">
      <Filter>Resource</Filter>
    </ResourceCompile>
  </ItemGroup>
</Project>